// !$*UTF8*$!
{
	archiveVersion = 1;
	classes = {
	};
	objectVersion = 54;
	objects = {

/* Begin PBXBuildFile section */
		00E356F31AD99517003FC87E /* sportfinderTests.m in Sources */ = {isa = PBXBuildFile; fileRef = 00E356F21AD99517003FC87E /* sportfinderTests.m */; };
		13B07FBC1A68108700A75B9A /* AppDelegate.mm in Sources */ = {isa = PBXBuildFile; fileRef = 13B07FB01A68108700A75B9A /* AppDelegate.mm */; };
		13B07FBF1A68108700A75B9A /* Images.xcassets in Resources */ = {isa = PBXBuildFile; fileRef = 13B07FB51A68108700A75B9A /* Images.xcassets */; };
		13B07FC11A68108700A75B9A /* main.m in Sources */ = {isa = PBXBuildFile; fileRef = 13B07FB71A68108700A75B9A /* main.m */; };
		6F3942D4B2B3FD2B8966EE51 /* libPods-sportfinderCommonPods-sportfinderTests.a in Frameworks */ = {isa = PBXBuildFile; fileRef = D3B837C1B641DCE827915EAC /* libPods-sportfinderCommonPods-sportfinderTests.a */; };
		81AB9BB82411601600AC10FF /* LaunchScreen.storyboard in Resources */ = {isa = PBXBuildFile; fileRef = 81AB9BB72411601600AC10FF /* LaunchScreen.storyboard */; };
		8B8B097791CC916BE48553C8 /* libPods-sportfinderCommonPods-sportfinderDev.a in Frameworks */ = {isa = PBXBuildFile; fileRef = 631FDA295E00CC6E406A376B /* libPods-sportfinderCommonPods-sportfinderDev.a */; };
		9022E18929B64732001A8A49 /* BootSplash.storyboard in Resources */ = {isa = PBXBuildFile; fileRef = 9022E18829B64732001A8A49 /* BootSplash.storyboard */; };
		9022E18A29B64732001A8A49 /* BootSplash.storyboard in Resources */ = {isa = PBXBuildFile; fileRef = 9022E18829B64732001A8A49 /* BootSplash.storyboard */; };
		9022E18B29B64732001A8A49 /* BootSplash.storyboard in Resources */ = {isa = PBXBuildFile; fileRef = 9022E18829B64732001A8A49 /* BootSplash.storyboard */; };
		902645D029B8F88A001BAF2F /* fontello.ttf in Resources */ = {isa = PBXBuildFile; fileRef = 902645CF29B8F88A001BAF2F /* fontello.ttf */; };
		902645D129B8F88A001BAF2F /* fontello.ttf in Resources */ = {isa = PBXBuildFile; fileRef = 902645CF29B8F88A001BAF2F /* fontello.ttf */; };
		902645D229B8F88A001BAF2F /* fontello.ttf in Resources */ = {isa = PBXBuildFile; fileRef = 902645CF29B8F88A001BAF2F /* fontello.ttf */; };
		908EF85329B796B600E4ECC1 /* Fontisto.ttf in Resources */ = {isa = PBXBuildFile; fileRef = 908EF84329B796B600E4ECC1 /* Fontisto.ttf */; };
		908EF85429B796B600E4ECC1 /* Fontisto.ttf in Resources */ = {isa = PBXBuildFile; fileRef = 908EF84329B796B600E4ECC1 /* Fontisto.ttf */; };
		908EF85529B796B600E4ECC1 /* Fontisto.ttf in Resources */ = {isa = PBXBuildFile; fileRef = 908EF84329B796B600E4ECC1 /* Fontisto.ttf */; };
		908EF85629B796B600E4ECC1 /* Octicons.ttf in Resources */ = {isa = PBXBuildFile; fileRef = 908EF84429B796B600E4ECC1 /* Octicons.ttf */; };
		908EF85729B796B600E4ECC1 /* Octicons.ttf in Resources */ = {isa = PBXBuildFile; fileRef = 908EF84429B796B600E4ECC1 /* Octicons.ttf */; };
		908EF85829B796B600E4ECC1 /* Octicons.ttf in Resources */ = {isa = PBXBuildFile; fileRef = 908EF84429B796B600E4ECC1 /* Octicons.ttf */; };
		908EF85929B796B600E4ECC1 /* Feather.ttf in Resources */ = {isa = PBXBuildFile; fileRef = 908EF84529B796B600E4ECC1 /* Feather.ttf */; };
		908EF85A29B796B600E4ECC1 /* Feather.ttf in Resources */ = {isa = PBXBuildFile; fileRef = 908EF84529B796B600E4ECC1 /* Feather.ttf */; };
		908EF85B29B796B600E4ECC1 /* Feather.ttf in Resources */ = {isa = PBXBuildFile; fileRef = 908EF84529B796B600E4ECC1 /* Feather.ttf */; };
		908EF85C29B796B600E4ECC1 /* Entypo.ttf in Resources */ = {isa = PBXBuildFile; fileRef = 908EF84629B796B600E4ECC1 /* Entypo.ttf */; };
		908EF85D29B796B600E4ECC1 /* Entypo.ttf in Resources */ = {isa = PBXBuildFile; fileRef = 908EF84629B796B600E4ECC1 /* Entypo.ttf */; };
		908EF85E29B796B600E4ECC1 /* Entypo.ttf in Resources */ = {isa = PBXBuildFile; fileRef = 908EF84629B796B600E4ECC1 /* Entypo.ttf */; };
		908EF85F29B796B600E4ECC1 /* FontAwesome5_Brands.ttf in Resources */ = {isa = PBXBuildFile; fileRef = 908EF84729B796B600E4ECC1 /* FontAwesome5_Brands.ttf */; };
		908EF86029B796B600E4ECC1 /* FontAwesome5_Brands.ttf in Resources */ = {isa = PBXBuildFile; fileRef = 908EF84729B796B600E4ECC1 /* FontAwesome5_Brands.ttf */; };
		908EF86129B796B600E4ECC1 /* FontAwesome5_Brands.ttf in Resources */ = {isa = PBXBuildFile; fileRef = 908EF84729B796B600E4ECC1 /* FontAwesome5_Brands.ttf */; };
		908EF86229B796B600E4ECC1 /* MaterialCommunityIcons.ttf in Resources */ = {isa = PBXBuildFile; fileRef = 908EF84829B796B600E4ECC1 /* MaterialCommunityIcons.ttf */; };
		908EF86329B796B600E4ECC1 /* MaterialCommunityIcons.ttf in Resources */ = {isa = PBXBuildFile; fileRef = 908EF84829B796B600E4ECC1 /* MaterialCommunityIcons.ttf */; };
		908EF86429B796B600E4ECC1 /* MaterialCommunityIcons.ttf in Resources */ = {isa = PBXBuildFile; fileRef = 908EF84829B796B600E4ECC1 /* MaterialCommunityIcons.ttf */; };
		908EF86529B796B600E4ECC1 /* AntDesign.ttf in Resources */ = {isa = PBXBuildFile; fileRef = 908EF84929B796B600E4ECC1 /* AntDesign.ttf */; };
		908EF86629B796B600E4ECC1 /* AntDesign.ttf in Resources */ = {isa = PBXBuildFile; fileRef = 908EF84929B796B600E4ECC1 /* AntDesign.ttf */; };
		908EF86729B796B600E4ECC1 /* AntDesign.ttf in Resources */ = {isa = PBXBuildFile; fileRef = 908EF84929B796B600E4ECC1 /* AntDesign.ttf */; };
		908EF86829B796B600E4ECC1 /* Foundation.ttf in Resources */ = {isa = PBXBuildFile; fileRef = 908EF84A29B796B600E4ECC1 /* Foundation.ttf */; };
		908EF86929B796B600E4ECC1 /* Foundation.ttf in Resources */ = {isa = PBXBuildFile; fileRef = 908EF84A29B796B600E4ECC1 /* Foundation.ttf */; };
		908EF86A29B796B600E4ECC1 /* Foundation.ttf in Resources */ = {isa = PBXBuildFile; fileRef = 908EF84A29B796B600E4ECC1 /* Foundation.ttf */; };
		908EF86B29B796B600E4ECC1 /* Ionicons.ttf in Resources */ = {isa = PBXBuildFile; fileRef = 908EF84B29B796B600E4ECC1 /* Ionicons.ttf */; };
		908EF86C29B796B600E4ECC1 /* Ionicons.ttf in Resources */ = {isa = PBXBuildFile; fileRef = 908EF84B29B796B600E4ECC1 /* Ionicons.ttf */; };
		908EF86D29B796B600E4ECC1 /* Ionicons.ttf in Resources */ = {isa = PBXBuildFile; fileRef = 908EF84B29B796B600E4ECC1 /* Ionicons.ttf */; };
		908EF86E29B796B600E4ECC1 /* FontAwesome5_Solid.ttf in Resources */ = {isa = PBXBuildFile; fileRef = 908EF84C29B796B600E4ECC1 /* FontAwesome5_Solid.ttf */; };
		908EF86F29B796B600E4ECC1 /* FontAwesome5_Solid.ttf in Resources */ = {isa = PBXBuildFile; fileRef = 908EF84C29B796B600E4ECC1 /* FontAwesome5_Solid.ttf */; };
		908EF87029B796B600E4ECC1 /* FontAwesome5_Solid.ttf in Resources */ = {isa = PBXBuildFile; fileRef = 908EF84C29B796B600E4ECC1 /* FontAwesome5_Solid.ttf */; };
		908EF87129B796B600E4ECC1 /* FontAwesome5_Regular.ttf in Resources */ = {isa = PBXBuildFile; fileRef = 908EF84D29B796B600E4ECC1 /* FontAwesome5_Regular.ttf */; };
		908EF87229B796B600E4ECC1 /* FontAwesome5_Regular.ttf in Resources */ = {isa = PBXBuildFile; fileRef = 908EF84D29B796B600E4ECC1 /* FontAwesome5_Regular.ttf */; };
		908EF87329B796B600E4ECC1 /* FontAwesome5_Regular.ttf in Resources */ = {isa = PBXBuildFile; fileRef = 908EF84D29B796B600E4ECC1 /* FontAwesome5_Regular.ttf */; };
		908EF87429B796B600E4ECC1 /* FontAwesome.ttf in Resources */ = {isa = PBXBuildFile; fileRef = 908EF84E29B796B600E4ECC1 /* FontAwesome.ttf */; };
		908EF87529B796B600E4ECC1 /* FontAwesome.ttf in Resources */ = {isa = PBXBuildFile; fileRef = 908EF84E29B796B600E4ECC1 /* FontAwesome.ttf */; };
		908EF87629B796B600E4ECC1 /* FontAwesome.ttf in Resources */ = {isa = PBXBuildFile; fileRef = 908EF84E29B796B600E4ECC1 /* FontAwesome.ttf */; };
		908EF87729B796B600E4ECC1 /* Zocial.ttf in Resources */ = {isa = PBXBuildFile; fileRef = 908EF84F29B796B600E4ECC1 /* Zocial.ttf */; };
		908EF87829B796B600E4ECC1 /* Zocial.ttf in Resources */ = {isa = PBXBuildFile; fileRef = 908EF84F29B796B600E4ECC1 /* Zocial.ttf */; };
		908EF87929B796B600E4ECC1 /* Zocial.ttf in Resources */ = {isa = PBXBuildFile; fileRef = 908EF84F29B796B600E4ECC1 /* Zocial.ttf */; };
		908EF87A29B796B600E4ECC1 /* EvilIcons.ttf in Resources */ = {isa = PBXBuildFile; fileRef = 908EF85029B796B600E4ECC1 /* EvilIcons.ttf */; };
		908EF87B29B796B600E4ECC1 /* EvilIcons.ttf in Resources */ = {isa = PBXBuildFile; fileRef = 908EF85029B796B600E4ECC1 /* EvilIcons.ttf */; };
		908EF87C29B796B600E4ECC1 /* EvilIcons.ttf in Resources */ = {isa = PBXBuildFile; fileRef = 908EF85029B796B600E4ECC1 /* EvilIcons.ttf */; };
		908EF87D29B796B600E4ECC1 /* SimpleLineIcons.ttf in Resources */ = {isa = PBXBuildFile; fileRef = 908EF85129B796B600E4ECC1 /* SimpleLineIcons.ttf */; };
		908EF87E29B796B600E4ECC1 /* SimpleLineIcons.ttf in Resources */ = {isa = PBXBuildFile; fileRef = 908EF85129B796B600E4ECC1 /* SimpleLineIcons.ttf */; };
		908EF87F29B796B600E4ECC1 /* SimpleLineIcons.ttf in Resources */ = {isa = PBXBuildFile; fileRef = 908EF85129B796B600E4ECC1 /* SimpleLineIcons.ttf */; };
		908EF88029B796B600E4ECC1 /* MaterialIcons.ttf in Resources */ = {isa = PBXBuildFile; fileRef = 908EF85229B796B600E4ECC1 /* MaterialIcons.ttf */; };
		908EF88129B796B600E4ECC1 /* MaterialIcons.ttf in Resources */ = {isa = PBXBuildFile; fileRef = 908EF85229B796B600E4ECC1 /* MaterialIcons.ttf */; };
		908EF88229B796B600E4ECC1 /* MaterialIcons.ttf in Resources */ = {isa = PBXBuildFile; fileRef = 908EF85229B796B600E4ECC1 /* MaterialIcons.ttf */; };
		90AE145329B5F94400E90931 /* AppDelegate.mm in Sources */ = {isa = PBXBuildFile; fileRef = 13B07FB01A68108700A75B9A /* AppDelegate.mm */; };
		90AE145429B5F94400E90931 /* main.m in Sources */ = {isa = PBXBuildFile; fileRef = 13B07FB71A68108700A75B9A /* main.m */; };
		90AE145829B5F94400E90931 /* LaunchScreen.storyboard in Resources */ = {isa = PBXBuildFile; fileRef = 81AB9BB72411601600AC10FF /* LaunchScreen.storyboard */; };
		90AE145929B5F94400E90931 /* Images.xcassets in Resources */ = {isa = PBXBuildFile; fileRef = 13B07FB51A68108700A75B9A /* Images.xcassets */; };
		90AE146629B5F95100E90931 /* AppDelegate.mm in Sources */ = {isa = PBXBuildFile; fileRef = 13B07FB01A68108700A75B9A /* AppDelegate.mm */; };
		90AE146729B5F95100E90931 /* main.m in Sources */ = {isa = PBXBuildFile; fileRef = 13B07FB71A68108700A75B9A /* main.m */; };
		90AE146B29B5F95100E90931 /* LaunchScreen.storyboard in Resources */ = {isa = PBXBuildFile; fileRef = 81AB9BB72411601600AC10FF /* LaunchScreen.storyboard */; };
		90AE146C29B5F95100E90931 /* Images.xcassets in Resources */ = {isa = PBXBuildFile; fileRef = 13B07FB51A68108700A75B9A /* Images.xcassets */; };
		9B17822171EBA0EB7AEB7FC9 /* libPods-sportfinderCommonPods-sportfinder.a in Frameworks */ = {isa = PBXBuildFile; fileRef = C5B60F365BD18B3472164B86 /* libPods-sportfinderCommonPods-sportfinder.a */; };
		A2E8D518E5F3CF8776AD9783 /* libPods-sportfinderCommonPods-sportfinderStg.a in Frameworks */ = {isa = PBXBuildFile; fileRef = 1979D959DBCE6DE628C0F5E3 /* libPods-sportfinderCommonPods-sportfinderStg.a */; };
/* End PBXBuildFile section */

/* Begin PBXContainerItemProxy section */
		00E356F41AD99517003FC87E /* PBXContainerItemProxy */ = {
			isa = PBXContainerItemProxy;
			containerPortal = 83CBB9F71A601CBA00E9B192 /* Project object */;
			proxyType = 1;
			remoteGlobalIDString = 13B07F861A680F5B00A75B9A;
			remoteInfo = sportfinder;
		};
/* End PBXContainerItemProxy section */

/* Begin PBXFileReference section */
		00E356EE1AD99517003FC87E /* sportfinderTests.xctest */ = {isa = PBXFileReference; explicitFileType = wrapper.cfbundle; includeInIndex = 0; path = sportfinderTests.xctest; sourceTree = BUILT_PRODUCTS_DIR; };
		00E356F11AD99517003FC87E /* Info.plist */ = {isa = PBXFileReference; lastKnownFileType = text.plist.xml; path = Info.plist; sourceTree = "<group>"; };
		00E356F21AD99517003FC87E /* sportfinderTests.m */ = {isa = PBXFileReference; lastKnownFileType = sourcecode.c.objc; path = sportfinderTests.m; sourceTree = "<group>"; };
		10FD5BC0FA25950CA29603D7 /* Pods-sportfinderCommonPods-sportfinderTests.release.xcconfig */ = {isa = PBXFileReference; includeInIndex = 1; lastKnownFileType = text.xcconfig; name = "Pods-sportfinderCommonPods-sportfinderTests.release.xcconfig"; path = "Target Support Files/Pods-sportfinderCommonPods-sportfinderTests/Pods-sportfinderCommonPods-sportfinderTests.release.xcconfig"; sourceTree = "<group>"; };
		13B07F961A680F5B00A75B9A /* sportfinder.app */ = {isa = PBXFileReference; explicitFileType = wrapper.application; includeInIndex = 0; path = sportfinder.app; sourceTree = BUILT_PRODUCTS_DIR; };
		13B07FAF1A68108700A75B9A /* AppDelegate.h */ = {isa = PBXFileReference; fileEncoding = 4; lastKnownFileType = sourcecode.c.h; name = AppDelegate.h; path = sportfinder/AppDelegate.h; sourceTree = "<group>"; };
		13B07FB01A68108700A75B9A /* AppDelegate.mm */ = {isa = PBXFileReference; fileEncoding = 4; lastKnownFileType = sourcecode.cpp.objcpp; name = AppDelegate.mm; path = sportfinder/AppDelegate.mm; sourceTree = "<group>"; };
		13B07FB51A68108700A75B9A /* Images.xcassets */ = {isa = PBXFileReference; lastKnownFileType = folder.assetcatalog; name = Images.xcassets; path = sportfinder/Images.xcassets; sourceTree = "<group>"; };
		13B07FB61A68108700A75B9A /* Info.plist */ = {isa = PBXFileReference; fileEncoding = 4; lastKnownFileType = text.plist.xml; name = Info.plist; path = sportfinder/Info.plist; sourceTree = "<group>"; };
		13B07FB71A68108700A75B9A /* main.m */ = {isa = PBXFileReference; fileEncoding = 4; lastKnownFileType = sourcecode.c.objc; name = main.m; path = sportfinder/main.m; sourceTree = "<group>"; };
		1500112AEFA243C4605E6F96 /* Pods-sportfinderCommonPods-sportfinderDev.release.xcconfig */ = {isa = PBXFileReference; includeInIndex = 1; lastKnownFileType = text.xcconfig; name = "Pods-sportfinderCommonPods-sportfinderDev.release.xcconfig"; path = "Target Support Files/Pods-sportfinderCommonPods-sportfinderDev/Pods-sportfinderCommonPods-sportfinderDev.release.xcconfig"; sourceTree = "<group>"; };
		1979D959DBCE6DE628C0F5E3 /* libPods-sportfinderCommonPods-sportfinderStg.a */ = {isa = PBXFileReference; explicitFileType = archive.ar; includeInIndex = 0; path = "libPods-sportfinderCommonPods-sportfinderStg.a"; sourceTree = BUILT_PRODUCTS_DIR; };
		3B4392A12AC88292D35C810B /* Pods-sportfinder.debug.xcconfig */ = {isa = PBXFileReference; includeInIndex = 1; lastKnownFileType = text.xcconfig; name = "Pods-sportfinder.debug.xcconfig"; path = "Target Support Files/Pods-sportfinder/Pods-sportfinder.debug.xcconfig"; sourceTree = "<group>"; };
		5709B34CF0A7D63546082F79 /* Pods-sportfinder.release.xcconfig */ = {isa = PBXFileReference; includeInIndex = 1; lastKnownFileType = text.xcconfig; name = "Pods-sportfinder.release.xcconfig"; path = "Target Support Files/Pods-sportfinder/Pods-sportfinder.release.xcconfig"; sourceTree = "<group>"; };
		5B7EB9410499542E8C5724F5 /* Pods-sportfinder-sportfinderTests.debug.xcconfig */ = {isa = PBXFileReference; includeInIndex = 1; lastKnownFileType = text.xcconfig; name = "Pods-sportfinder-sportfinderTests.debug.xcconfig"; path = "Target Support Files/Pods-sportfinder-sportfinderTests/Pods-sportfinder-sportfinderTests.debug.xcconfig"; sourceTree = "<group>"; };
		631FDA295E00CC6E406A376B /* libPods-sportfinderCommonPods-sportfinderDev.a */ = {isa = PBXFileReference; explicitFileType = archive.ar; includeInIndex = 0; path = "libPods-sportfinderCommonPods-sportfinderDev.a"; sourceTree = BUILT_PRODUCTS_DIR; };
		78E1788186CAFF7779211EEF /* Pods-sportfinderCommonPods-sportfinderStg.release.xcconfig */ = {isa = PBXFileReference; includeInIndex = 1; lastKnownFileType = text.xcconfig; name = "Pods-sportfinderCommonPods-sportfinderStg.release.xcconfig"; path = "Target Support Files/Pods-sportfinderCommonPods-sportfinderStg/Pods-sportfinderCommonPods-sportfinderStg.release.xcconfig"; sourceTree = "<group>"; };
		800D373467BA8AE71D6C88F5 /* Pods-sportfinderCommonPods-sportfinderStg.debug.xcconfig */ = {isa = PBXFileReference; includeInIndex = 1; lastKnownFileType = text.xcconfig; name = "Pods-sportfinderCommonPods-sportfinderStg.debug.xcconfig"; path = "Target Support Files/Pods-sportfinderCommonPods-sportfinderStg/Pods-sportfinderCommonPods-sportfinderStg.debug.xcconfig"; sourceTree = "<group>"; };
		81AB9BB72411601600AC10FF /* LaunchScreen.storyboard */ = {isa = PBXFileReference; fileEncoding = 4; lastKnownFileType = file.storyboard; name = LaunchScreen.storyboard; path = sportfinder/LaunchScreen.storyboard; sourceTree = "<group>"; };
		89C6BE57DB24E9ADA2F236DE /* Pods-sportfinder-sportfinderTests.release.xcconfig */ = {isa = PBXFileReference; includeInIndex = 1; lastKnownFileType = text.xcconfig; name = "Pods-sportfinder-sportfinderTests.release.xcconfig"; path = "Target Support Files/Pods-sportfinder-sportfinderTests/Pods-sportfinder-sportfinderTests.release.xcconfig"; sourceTree = "<group>"; };
		9022E18829B64732001A8A49 /* BootSplash.storyboard */ = {isa = PBXFileReference; fileEncoding = 4; lastKnownFileType = file.storyboard; name = BootSplash.storyboard; path = sportfinder/BootSplash.storyboard; sourceTree = "<group>"; };
		902645CF29B8F88A001BAF2F /* fontello.ttf */ = {isa = PBXFileReference; lastKnownFileType = file; name = fontello.ttf; path = "../../../../Downloads/fontello-81b524e7/font/fontello.ttf"; sourceTree = "<group>"; };
		908EF84329B796B600E4ECC1 /* Fontisto.ttf */ = {isa = PBXFileReference; lastKnownFileType = file; path = Fontisto.ttf; sourceTree = "<group>"; };
		908EF84429B796B600E4ECC1 /* Octicons.ttf */ = {isa = PBXFileReference; lastKnownFileType = file; path = Octicons.ttf; sourceTree = "<group>"; };
		908EF84529B796B600E4ECC1 /* Feather.ttf */ = {isa = PBXFileReference; lastKnownFileType = file; path = Feather.ttf; sourceTree = "<group>"; };
		908EF84629B796B600E4ECC1 /* Entypo.ttf */ = {isa = PBXFileReference; lastKnownFileType = file; path = Entypo.ttf; sourceTree = "<group>"; };
		908EF84729B796B600E4ECC1 /* FontAwesome5_Brands.ttf */ = {isa = PBXFileReference; lastKnownFileType = file; path = FontAwesome5_Brands.ttf; sourceTree = "<group>"; };
		908EF84829B796B600E4ECC1 /* MaterialCommunityIcons.ttf */ = {isa = PBXFileReference; lastKnownFileType = file; path = MaterialCommunityIcons.ttf; sourceTree = "<group>"; };
		908EF84929B796B600E4ECC1 /* AntDesign.ttf */ = {isa = PBXFileReference; lastKnownFileType = file; path = AntDesign.ttf; sourceTree = "<group>"; };
		908EF84A29B796B600E4ECC1 /* Foundation.ttf */ = {isa = PBXFileReference; lastKnownFileType = file; path = Foundation.ttf; sourceTree = "<group>"; };
		908EF84B29B796B600E4ECC1 /* Ionicons.ttf */ = {isa = PBXFileReference; lastKnownFileType = file; path = Ionicons.ttf; sourceTree = "<group>"; };
		908EF84C29B796B600E4ECC1 /* FontAwesome5_Solid.ttf */ = {isa = PBXFileReference; lastKnownFileType = file; path = FontAwesome5_Solid.ttf; sourceTree = "<group>"; };
		908EF84D29B796B600E4ECC1 /* FontAwesome5_Regular.ttf */ = {isa = PBXFileReference; lastKnownFileType = file; path = FontAwesome5_Regular.ttf; sourceTree = "<group>"; };
		908EF84E29B796B600E4ECC1 /* FontAwesome.ttf */ = {isa = PBXFileReference; lastKnownFileType = file; path = FontAwesome.ttf; sourceTree = "<group>"; };
		908EF84F29B796B600E4ECC1 /* Zocial.ttf */ = {isa = PBXFileReference; lastKnownFileType = file; path = Zocial.ttf; sourceTree = "<group>"; };
		908EF85029B796B600E4ECC1 /* EvilIcons.ttf */ = {isa = PBXFileReference; lastKnownFileType = file; path = EvilIcons.ttf; sourceTree = "<group>"; };
		908EF85129B796B600E4ECC1 /* SimpleLineIcons.ttf */ = {isa = PBXFileReference; lastKnownFileType = file; path = SimpleLineIcons.ttf; sourceTree = "<group>"; };
		908EF85229B796B600E4ECC1 /* MaterialIcons.ttf */ = {isa = PBXFileReference; lastKnownFileType = file; path = MaterialIcons.ttf; sourceTree = "<group>"; };
		90AE146029B5F94400E90931 /* sportfinderDev.app */ = {isa = PBXFileReference; explicitFileType = wrapper.application; includeInIndex = 0; path = sportfinderDev.app; sourceTree = BUILT_PRODUCTS_DIR; };
		90AE146129B5F94400E90931 /* sportfinder dev-Info.plist */ = {isa = PBXFileReference; lastKnownFileType = text.plist.xml; name = "sportfinder dev-Info.plist"; path = "/Users/michal/sportfinder/ios/sportfinder dev-Info.plist"; sourceTree = "<absolute>"; };
		90AE147329B5F95100E90931 /* sportfinderStg.app */ = {isa = PBXFileReference; explicitFileType = wrapper.application; includeInIndex = 0; path = sportfinderStg.app; sourceTree = BUILT_PRODUCTS_DIR; };
		90AE147429B5F95100E90931 /* sportfinder stg-Info.plist */ = {isa = PBXFileReference; lastKnownFileType = text.plist.xml; name = "sportfinder stg-Info.plist"; path = "/Users/michal/sportfinder/ios/sportfinder stg-Info.plist"; sourceTree = "<absolute>"; };
		A2A549185564FB80B5092691 /* Pods-sportfinderCommonPods-sportfinderTests.debug.xcconfig */ = {isa = PBXFileReference; includeInIndex = 1; lastKnownFileType = text.xcconfig; name = "Pods-sportfinderCommonPods-sportfinderTests.debug.xcconfig"; path = "Target Support Files/Pods-sportfinderCommonPods-sportfinderTests/Pods-sportfinderCommonPods-sportfinderTests.debug.xcconfig"; sourceTree = "<group>"; };
		A30F33FFBBDBA70C78F57FCC /* Pods-sportfinderCommonPods-sportfinder.release.xcconfig */ = {isa = PBXFileReference; includeInIndex = 1; lastKnownFileType = text.xcconfig; name = "Pods-sportfinderCommonPods-sportfinder.release.xcconfig"; path = "Target Support Files/Pods-sportfinderCommonPods-sportfinder/Pods-sportfinderCommonPods-sportfinder.release.xcconfig"; sourceTree = "<group>"; };
		C5B60F365BD18B3472164B86 /* libPods-sportfinderCommonPods-sportfinder.a */ = {isa = PBXFileReference; explicitFileType = archive.ar; includeInIndex = 0; path = "libPods-sportfinderCommonPods-sportfinder.a"; sourceTree = BUILT_PRODUCTS_DIR; };
		D0F7B2343F9553083707DE0B /* Pods-sportfinderCommonPods-sportfinderDev.debug.xcconfig */ = {isa = PBXFileReference; includeInIndex = 1; lastKnownFileType = text.xcconfig; name = "Pods-sportfinderCommonPods-sportfinderDev.debug.xcconfig"; path = "Target Support Files/Pods-sportfinderCommonPods-sportfinderDev/Pods-sportfinderCommonPods-sportfinderDev.debug.xcconfig"; sourceTree = "<group>"; };
		D3B837C1B641DCE827915EAC /* libPods-sportfinderCommonPods-sportfinderTests.a */ = {isa = PBXFileReference; explicitFileType = archive.ar; includeInIndex = 0; path = "libPods-sportfinderCommonPods-sportfinderTests.a"; sourceTree = BUILT_PRODUCTS_DIR; };
		ED297162215061F000B7C4FE /* JavaScriptCore.framework */ = {isa = PBXFileReference; lastKnownFileType = wrapper.framework; name = JavaScriptCore.framework; path = System/Library/Frameworks/JavaScriptCore.framework; sourceTree = SDKROOT; };
		FB61F4FEE6156543CC2AFE67 /* Pods-sportfinderCommonPods-sportfinder.debug.xcconfig */ = {isa = PBXFileReference; includeInIndex = 1; lastKnownFileType = text.xcconfig; name = "Pods-sportfinderCommonPods-sportfinder.debug.xcconfig"; path = "Target Support Files/Pods-sportfinderCommonPods-sportfinder/Pods-sportfinderCommonPods-sportfinder.debug.xcconfig"; sourceTree = "<group>"; };
/* End PBXFileReference section */

/* Begin PBXFrameworksBuildPhase section */
		00E356EB1AD99517003FC87E /* Frameworks */ = {
			isa = PBXFrameworksBuildPhase;
			buildActionMask = 2147483647;
			files = (
				6F3942D4B2B3FD2B8966EE51 /* libPods-sportfinderCommonPods-sportfinderTests.a in Frameworks */,
			);
			runOnlyForDeploymentPostprocessing = 0;
		};
		13B07F8C1A680F5B00A75B9A /* Frameworks */ = {
			isa = PBXFrameworksBuildPhase;
			buildActionMask = 2147483647;
			files = (
				9B17822171EBA0EB7AEB7FC9 /* libPods-sportfinderCommonPods-sportfinder.a in Frameworks */,
			);
			runOnlyForDeploymentPostprocessing = 0;
		};
		90AE145529B5F94400E90931 /* Frameworks */ = {
			isa = PBXFrameworksBuildPhase;
			buildActionMask = 2147483647;
			files = (
				8B8B097791CC916BE48553C8 /* libPods-sportfinderCommonPods-sportfinderDev.a in Frameworks */,
			);
			runOnlyForDeploymentPostprocessing = 0;
		};
		90AE146829B5F95100E90931 /* Frameworks */ = {
			isa = PBXFrameworksBuildPhase;
			buildActionMask = 2147483647;
			files = (
				A2E8D518E5F3CF8776AD9783 /* libPods-sportfinderCommonPods-sportfinderStg.a in Frameworks */,
			);
			runOnlyForDeploymentPostprocessing = 0;
		};
/* End PBXFrameworksBuildPhase section */

/* Begin PBXGroup section */
		00E356EF1AD99517003FC87E /* sportfinderTests */ = {
			isa = PBXGroup;
			children = (
				00E356F21AD99517003FC87E /* sportfinderTests.m */,
				00E356F01AD99517003FC87E /* Supporting Files */,
			);
			path = sportfinderTests;
			sourceTree = "<group>";
		};
		00E356F01AD99517003FC87E /* Supporting Files */ = {
			isa = PBXGroup;
			children = (
				00E356F11AD99517003FC87E /* Info.plist */,
			);
			name = "Supporting Files";
			sourceTree = "<group>";
		};
		13B07FAE1A68108700A75B9A /* sportfinder */ = {
			isa = PBXGroup;
			children = (
				908EF84229B796B600E4ECC1 /* Fonts */,
				13B07FAF1A68108700A75B9A /* AppDelegate.h */,
				13B07FB01A68108700A75B9A /* AppDelegate.mm */,
				13B07FB51A68108700A75B9A /* Images.xcassets */,
				13B07FB61A68108700A75B9A /* Info.plist */,
				9022E18829B64732001A8A49 /* BootSplash.storyboard */,
				81AB9BB72411601600AC10FF /* LaunchScreen.storyboard */,
				13B07FB71A68108700A75B9A /* main.m */,
			);
			name = sportfinder;
			sourceTree = "<group>";
		};
		2D16E6871FA4F8E400B85C8A /* Frameworks */ = {
			isa = PBXGroup;
			children = (
				ED297162215061F000B7C4FE /* JavaScriptCore.framework */,
				C5B60F365BD18B3472164B86 /* libPods-sportfinderCommonPods-sportfinder.a */,
				631FDA295E00CC6E406A376B /* libPods-sportfinderCommonPods-sportfinderDev.a */,
				1979D959DBCE6DE628C0F5E3 /* libPods-sportfinderCommonPods-sportfinderStg.a */,
				D3B837C1B641DCE827915EAC /* libPods-sportfinderCommonPods-sportfinderTests.a */,
			);
			name = Frameworks;
			sourceTree = "<group>";
		};
		832341AE1AAA6A7D00B99B32 /* Libraries */ = {
			isa = PBXGroup;
			children = (
			);
			name = Libraries;
			sourceTree = "<group>";
		};
		83CBB9F61A601CBA00E9B192 = {
			isa = PBXGroup;
			children = (
				13B07FAE1A68108700A75B9A /* sportfinder */,
				832341AE1AAA6A7D00B99B32 /* Libraries */,
				00E356EF1AD99517003FC87E /* sportfinderTests */,
				83CBBA001A601CBA00E9B192 /* Products */,
				2D16E6871FA4F8E400B85C8A /* Frameworks */,
				BBD78D7AC51CEA395F1C20DB /* Pods */,
				90AE146129B5F94400E90931 /* sportfinder dev-Info.plist */,
				90AE147429B5F95100E90931 /* sportfinder stg-Info.plist */,
			);
			indentWidth = 2;
			sourceTree = "<group>";
			tabWidth = 2;
			usesTabs = 0;
		};
		83CBBA001A601CBA00E9B192 /* Products */ = {
			isa = PBXGroup;
			children = (
				13B07F961A680F5B00A75B9A /* sportfinder.app */,
				00E356EE1AD99517003FC87E /* sportfinderTests.xctest */,
				90AE146029B5F94400E90931 /* sportfinderDev.app */,
				90AE147329B5F95100E90931 /* sportfinderStg.app */,
			);
			name = Products;
			sourceTree = "<group>";
		};
		908EF84229B796B600E4ECC1 /* Fonts */ = {
			isa = PBXGroup;
			children = (
				908EF84329B796B600E4ECC1 /* Fontisto.ttf */,
				908EF84429B796B600E4ECC1 /* Octicons.ttf */,
				908EF84529B796B600E4ECC1 /* Feather.ttf */,
				908EF84629B796B600E4ECC1 /* Entypo.ttf */,
				908EF84729B796B600E4ECC1 /* FontAwesome5_Brands.ttf */,
				908EF84829B796B600E4ECC1 /* MaterialCommunityIcons.ttf */,
				908EF84929B796B600E4ECC1 /* AntDesign.ttf */,
				908EF84A29B796B600E4ECC1 /* Foundation.ttf */,
				908EF84B29B796B600E4ECC1 /* Ionicons.ttf */,
				908EF84C29B796B600E4ECC1 /* FontAwesome5_Solid.ttf */,
				908EF84D29B796B600E4ECC1 /* FontAwesome5_Regular.ttf */,
				908EF84E29B796B600E4ECC1 /* FontAwesome.ttf */,
				908EF84F29B796B600E4ECC1 /* Zocial.ttf */,
				908EF85029B796B600E4ECC1 /* EvilIcons.ttf */,
				908EF85129B796B600E4ECC1 /* SimpleLineIcons.ttf */,
				908EF85229B796B600E4ECC1 /* MaterialIcons.ttf */,
				902645CF29B8F88A001BAF2F /* fontello.ttf */,
			);
			name = Fonts;
			path = "../node_modules/react-native-vector-icons/Fonts";
			sourceTree = "<group>";
		};
		BBD78D7AC51CEA395F1C20DB /* Pods */ = {
			isa = PBXGroup;
			children = (
				3B4392A12AC88292D35C810B /* Pods-sportfinder.debug.xcconfig */,
				5709B34CF0A7D63546082F79 /* Pods-sportfinder.release.xcconfig */,
				5B7EB9410499542E8C5724F5 /* Pods-sportfinder-sportfinderTests.debug.xcconfig */,
				89C6BE57DB24E9ADA2F236DE /* Pods-sportfinder-sportfinderTests.release.xcconfig */,
				FB61F4FEE6156543CC2AFE67 /* Pods-sportfinderCommonPods-sportfinder.debug.xcconfig */,
				A30F33FFBBDBA70C78F57FCC /* Pods-sportfinderCommonPods-sportfinder.release.xcconfig */,
				D0F7B2343F9553083707DE0B /* Pods-sportfinderCommonPods-sportfinderDev.debug.xcconfig */,
				1500112AEFA243C4605E6F96 /* Pods-sportfinderCommonPods-sportfinderDev.release.xcconfig */,
				800D373467BA8AE71D6C88F5 /* Pods-sportfinderCommonPods-sportfinderStg.debug.xcconfig */,
				78E1788186CAFF7779211EEF /* Pods-sportfinderCommonPods-sportfinderStg.release.xcconfig */,
				A2A549185564FB80B5092691 /* Pods-sportfinderCommonPods-sportfinderTests.debug.xcconfig */,
				10FD5BC0FA25950CA29603D7 /* Pods-sportfinderCommonPods-sportfinderTests.release.xcconfig */,
			);
			path = Pods;
			sourceTree = "<group>";
		};
/* End PBXGroup section */

/* Begin PBXNativeTarget section */
		00E356ED1AD99517003FC87E /* sportfinderTests */ = {
			isa = PBXNativeTarget;
			buildConfigurationList = 00E357021AD99517003FC87E /* Build configuration list for PBXNativeTarget "sportfinderTests" */;
			buildPhases = (
				A55EABD7B0C7F3A422A6CC61 /* [CP] Check Pods Manifest.lock */,
				00E356EA1AD99517003FC87E /* Sources */,
				00E356EB1AD99517003FC87E /* Frameworks */,
				00E356EC1AD99517003FC87E /* Resources */,
				C59DA0FBD6956966B86A3779 /* [CP] Embed Pods Frameworks */,
				F6A41C54EA430FDDC6A6ED99 /* [CP] Copy Pods Resources */,
			);
			buildRules = (
			);
			dependencies = (
				00E356F51AD99517003FC87E /* PBXTargetDependency */,
			);
			name = sportfinderTests;
			productName = sportfinderTests;
			productReference = 00E356EE1AD99517003FC87E /* sportfinderTests.xctest */;
			productType = "com.apple.product-type.bundle.unit-test";
		};
		13B07F861A680F5B00A75B9A /* sportfinder */ = {
			isa = PBXNativeTarget;
			buildConfigurationList = 13B07F931A680F5B00A75B9A /* Build configuration list for PBXNativeTarget "sportfinder" */;
			buildPhases = (
				C38B50BA6285516D6DCD4F65 /* [CP] Check Pods Manifest.lock */,
				FD10A7F022414F080027D42C /* Start Packager */,
				13B07F871A680F5B00A75B9A /* Sources */,
				13B07F8C1A680F5B00A75B9A /* Frameworks */,
				13B07F8E1A680F5B00A75B9A /* Resources */,
				00DD1BFF1BD5951E006B06BC /* Bundle React Native code and images */,
				00EEFC60759A1932668264C0 /* [CP] Embed Pods Frameworks */,
				E235C05ADACE081382539298 /* [CP] Copy Pods Resources */,
			);
			buildRules = (
			);
			dependencies = (
			);
			name = sportfinder;
			productName = sportfinder;
			productReference = 13B07F961A680F5B00A75B9A /* sportfinder.app */;
			productType = "com.apple.product-type.application";
		};
		90AE144F29B5F94400E90931 /* sportfinderDev */ = {
			isa = PBXNativeTarget;
			buildConfigurationList = 90AE145D29B5F94400E90931 /* Build configuration list for PBXNativeTarget "sportfinderDev" */;
			buildPhases = (
				90AE145029B5F94400E90931 /* [CP] Check Pods Manifest.lock */,
				90AE145129B5F94400E90931 /* Start Packager */,
				90AE145229B5F94400E90931 /* Sources */,
				90AE145529B5F94400E90931 /* Frameworks */,
				90AE145729B5F94400E90931 /* Resources */,
				90AE145A29B5F94400E90931 /* Bundle React Native code and images */,
				90AE145B29B5F94400E90931 /* [CP] Embed Pods Frameworks */,
				90AE145C29B5F94400E90931 /* [CP] Copy Pods Resources */,
			);
			buildRules = (
			);
			dependencies = (
			);
			name = sportfinderDev;
			productName = sportfinder;
			productReference = 90AE146029B5F94400E90931 /* sportfinderDev.app */;
			productType = "com.apple.product-type.application";
		};
		90AE146229B5F95100E90931 /* sportfinderStg */ = {
			isa = PBXNativeTarget;
			buildConfigurationList = 90AE147029B5F95100E90931 /* Build configuration list for PBXNativeTarget "sportfinderStg" */;
			buildPhases = (
				90AE146329B5F95100E90931 /* [CP] Check Pods Manifest.lock */,
				90AE146429B5F95100E90931 /* Start Packager */,
				90AE146529B5F95100E90931 /* Sources */,
				90AE146829B5F95100E90931 /* Frameworks */,
				90AE146A29B5F95100E90931 /* Resources */,
				90AE146D29B5F95100E90931 /* Bundle React Native code and images */,
				90AE146E29B5F95100E90931 /* [CP] Embed Pods Frameworks */,
				90AE146F29B5F95100E90931 /* [CP] Copy Pods Resources */,
			);
			buildRules = (
			);
			dependencies = (
			);
			name = sportfinderStg;
			productName = sportfinder;
			productReference = 90AE147329B5F95100E90931 /* sportfinderStg.app */;
			productType = "com.apple.product-type.application";
		};
/* End PBXNativeTarget section */

/* Begin PBXProject section */
		83CBB9F71A601CBA00E9B192 /* Project object */ = {
			isa = PBXProject;
			attributes = {
				LastUpgradeCheck = 1210;
				TargetAttributes = {
					00E356ED1AD99517003FC87E = {
						CreatedOnToolsVersion = 6.2;
						TestTargetID = 13B07F861A680F5B00A75B9A;
					};
					13B07F861A680F5B00A75B9A = {
						LastSwiftMigration = 1120;
					};
				};
			};
			buildConfigurationList = 83CBB9FA1A601CBA00E9B192 /* Build configuration list for PBXProject "sportfinder" */;
			compatibilityVersion = "Xcode 12.0";
			developmentRegion = en;
			hasScannedForEncodings = 0;
			knownRegions = (
				en,
				Base,
			);
			mainGroup = 83CBB9F61A601CBA00E9B192;
			productRefGroup = 83CBBA001A601CBA00E9B192 /* Products */;
			projectDirPath = "";
			projectRoot = "";
			targets = (
				13B07F861A680F5B00A75B9A /* sportfinder */,
				00E356ED1AD99517003FC87E /* sportfinderTests */,
				90AE144F29B5F94400E90931 /* sportfinderDev */,
				90AE146229B5F95100E90931 /* sportfinderStg */,
			);
		};
/* End PBXProject section */

/* Begin PBXResourcesBuildPhase section */
		00E356EC1AD99517003FC87E /* Resources */ = {
			isa = PBXResourcesBuildPhase;
			buildActionMask = 2147483647;
			files = (
			);
			runOnlyForDeploymentPostprocessing = 0;
		};
		13B07F8E1A680F5B00A75B9A /* Resources */ = {
			isa = PBXResourcesBuildPhase;
			buildActionMask = 2147483647;
			files = (
				908EF87129B796B600E4ECC1 /* FontAwesome5_Regular.ttf in Resources */,
				908EF85629B796B600E4ECC1 /* Octicons.ttf in Resources */,
				908EF85F29B796B600E4ECC1 /* FontAwesome5_Brands.ttf in Resources */,
				902645D029B8F88A001BAF2F /* fontello.ttf in Resources */,
				908EF86B29B796B600E4ECC1 /* Ionicons.ttf in Resources */,
				908EF88029B796B600E4ECC1 /* MaterialIcons.ttf in Resources */,
				908EF86E29B796B600E4ECC1 /* FontAwesome5_Solid.ttf in Resources */,
				908EF87D29B796B600E4ECC1 /* SimpleLineIcons.ttf in Resources */,
				908EF85C29B796B600E4ECC1 /* Entypo.ttf in Resources */,
				9022E18929B64732001A8A49 /* BootSplash.storyboard in Resources */,
				908EF86529B796B600E4ECC1 /* AntDesign.ttf in Resources */,
				908EF87729B796B600E4ECC1 /* Zocial.ttf in Resources */,
				908EF86829B796B600E4ECC1 /* Foundation.ttf in Resources */,
				908EF85929B796B600E4ECC1 /* Feather.ttf in Resources */,
				908EF87A29B796B600E4ECC1 /* EvilIcons.ttf in Resources */,
				81AB9BB82411601600AC10FF /* LaunchScreen.storyboard in Resources */,
				908EF87429B796B600E4ECC1 /* FontAwesome.ttf in Resources */,
				908EF85329B796B600E4ECC1 /* Fontisto.ttf in Resources */,
				908EF86229B796B600E4ECC1 /* MaterialCommunityIcons.ttf in Resources */,
				13B07FBF1A68108700A75B9A /* Images.xcassets in Resources */,
			);
			runOnlyForDeploymentPostprocessing = 0;
		};
		90AE145729B5F94400E90931 /* Resources */ = {
			isa = PBXResourcesBuildPhase;
			buildActionMask = 2147483647;
			files = (
				908EF87229B796B600E4ECC1 /* FontAwesome5_Regular.ttf in Resources */,
				908EF85729B796B600E4ECC1 /* Octicons.ttf in Resources */,
				908EF86029B796B600E4ECC1 /* FontAwesome5_Brands.ttf in Resources */,
				902645D129B8F88A001BAF2F /* fontello.ttf in Resources */,
				908EF86C29B796B600E4ECC1 /* Ionicons.ttf in Resources */,
				908EF88129B796B600E4ECC1 /* MaterialIcons.ttf in Resources */,
				908EF86F29B796B600E4ECC1 /* FontAwesome5_Solid.ttf in Resources */,
				908EF87E29B796B600E4ECC1 /* SimpleLineIcons.ttf in Resources */,
				908EF85D29B796B600E4ECC1 /* Entypo.ttf in Resources */,
				9022E18A29B64732001A8A49 /* BootSplash.storyboard in Resources */,
				908EF86629B796B600E4ECC1 /* AntDesign.ttf in Resources */,
				908EF87829B796B600E4ECC1 /* Zocial.ttf in Resources */,
				908EF86929B796B600E4ECC1 /* Foundation.ttf in Resources */,
				908EF85A29B796B600E4ECC1 /* Feather.ttf in Resources */,
				908EF87B29B796B600E4ECC1 /* EvilIcons.ttf in Resources */,
				90AE145829B5F94400E90931 /* LaunchScreen.storyboard in Resources */,
				908EF87529B796B600E4ECC1 /* FontAwesome.ttf in Resources */,
				908EF85429B796B600E4ECC1 /* Fontisto.ttf in Resources */,
				908EF86329B796B600E4ECC1 /* MaterialCommunityIcons.ttf in Resources */,
				90AE145929B5F94400E90931 /* Images.xcassets in Resources */,
			);
			runOnlyForDeploymentPostprocessing = 0;
		};
		90AE146A29B5F95100E90931 /* Resources */ = {
			isa = PBXResourcesBuildPhase;
			buildActionMask = 2147483647;
			files = (
				908EF87329B796B600E4ECC1 /* FontAwesome5_Regular.ttf in Resources */,
				908EF85829B796B600E4ECC1 /* Octicons.ttf in Resources */,
				908EF86129B796B600E4ECC1 /* FontAwesome5_Brands.ttf in Resources */,
				902645D229B8F88A001BAF2F /* fontello.ttf in Resources */,
				908EF86D29B796B600E4ECC1 /* Ionicons.ttf in Resources */,
				908EF88229B796B600E4ECC1 /* MaterialIcons.ttf in Resources */,
				908EF87029B796B600E4ECC1 /* FontAwesome5_Solid.ttf in Resources */,
				908EF87F29B796B600E4ECC1 /* SimpleLineIcons.ttf in Resources */,
				908EF85E29B796B600E4ECC1 /* Entypo.ttf in Resources */,
				9022E18B29B64732001A8A49 /* BootSplash.storyboard in Resources */,
				908EF86729B796B600E4ECC1 /* AntDesign.ttf in Resources */,
				908EF87929B796B600E4ECC1 /* Zocial.ttf in Resources */,
				908EF86A29B796B600E4ECC1 /* Foundation.ttf in Resources */,
				908EF85B29B796B600E4ECC1 /* Feather.ttf in Resources */,
				908EF87C29B796B600E4ECC1 /* EvilIcons.ttf in Resources */,
				90AE146B29B5F95100E90931 /* LaunchScreen.storyboard in Resources */,
				908EF87629B796B600E4ECC1 /* FontAwesome.ttf in Resources */,
				908EF85529B796B600E4ECC1 /* Fontisto.ttf in Resources */,
				908EF86429B796B600E4ECC1 /* MaterialCommunityIcons.ttf in Resources */,
				90AE146C29B5F95100E90931 /* Images.xcassets in Resources */,
			);
			runOnlyForDeploymentPostprocessing = 0;
		};
/* End PBXResourcesBuildPhase section */

/* Begin PBXShellScriptBuildPhase section */
		00DD1BFF1BD5951E006B06BC /* Bundle React Native code and images */ = {
			isa = PBXShellScriptBuildPhase;
			buildActionMask = 2147483647;
			files = (
			);
			inputPaths = (
				"$(SRCROOT)/.xcode.env.local",
				"$(SRCROOT)/.xcode.env",
			);
			name = "Bundle React Native code and images";
			outputPaths = (
			);
			runOnlyForDeploymentPostprocessing = 0;
			shellPath = /bin/sh;
			shellScript = "set -e\n\nWITH_ENVIRONMENT=\"../node_modules/react-native/scripts/xcode/with-environment.sh\"\nREACT_NATIVE_XCODE=\"../node_modules/react-native/scripts/react-native-xcode.sh\"\n\n/bin/sh -c \"$WITH_ENVIRONMENT $REACT_NATIVE_XCODE\"\n";
		};
		00EEFC60759A1932668264C0 /* [CP] Embed Pods Frameworks */ = {
			isa = PBXShellScriptBuildPhase;
			buildActionMask = 2147483647;
			files = (
			);
			inputFileListPaths = (
				"${PODS_ROOT}/Target Support Files/Pods-sportfinderCommonPods-sportfinder/Pods-sportfinderCommonPods-sportfinder-frameworks-${CONFIGURATION}-input-files.xcfilelist",
			);
			name = "[CP] Embed Pods Frameworks";
			outputFileListPaths = (
				"${PODS_ROOT}/Target Support Files/Pods-sportfinderCommonPods-sportfinder/Pods-sportfinderCommonPods-sportfinder-frameworks-${CONFIGURATION}-output-files.xcfilelist",
			);
			runOnlyForDeploymentPostprocessing = 0;
			shellPath = /bin/sh;
			shellScript = "\"${PODS_ROOT}/Target Support Files/Pods-sportfinderCommonPods-sportfinder/Pods-sportfinderCommonPods-sportfinder-frameworks.sh\"\n";
			showEnvVarsInLog = 0;
		};
		90AE145029B5F94400E90931 /* [CP] Check Pods Manifest.lock */ = {
			isa = PBXShellScriptBuildPhase;
			buildActionMask = 2147483647;
			files = (
			);
			inputFileListPaths = (
			);
			inputPaths = (
				"${PODS_PODFILE_DIR_PATH}/Podfile.lock",
				"${PODS_ROOT}/Manifest.lock",
			);
			name = "[CP] Check Pods Manifest.lock";
			outputFileListPaths = (
			);
			outputPaths = (
				"$(DERIVED_FILE_DIR)/Pods-sportfinderCommonPods-sportfinderDev-checkManifestLockResult.txt",
			);
			runOnlyForDeploymentPostprocessing = 0;
			shellPath = /bin/sh;
			shellScript = "diff \"${PODS_PODFILE_DIR_PATH}/Podfile.lock\" \"${PODS_ROOT}/Manifest.lock\" > /dev/null\nif [ $? != 0 ] ; then\n    # print error to STDERR\n    echo \"error: The sandbox is not in sync with the Podfile.lock. Run 'pod install' or update your CocoaPods installation.\" >&2\n    exit 1\nfi\n# This output is used by Xcode 'outputs' to avoid re-running this script phase.\necho \"SUCCESS\" > \"${SCRIPT_OUTPUT_FILE_0}\"\n";
			showEnvVarsInLog = 0;
		};
		90AE145129B5F94400E90931 /* Start Packager */ = {
			isa = PBXShellScriptBuildPhase;
			buildActionMask = 2147483647;
			files = (
			);
			inputFileListPaths = (
			);
			inputPaths = (
			);
			name = "Start Packager";
			outputFileListPaths = (
			);
			outputPaths = (
			);
			runOnlyForDeploymentPostprocessing = 0;
			shellPath = /bin/sh;
			shellScript = "export RCT_METRO_PORT=\"${RCT_METRO_PORT:=8081}\"\necho \"export RCT_METRO_PORT=${RCT_METRO_PORT}\" > \"${SRCROOT}/../node_modules/react-native/scripts/.packager.env\"\nif [ -z \"${RCT_NO_LAUNCH_PACKAGER+xxx}\" ] ; then\n  if nc -w 5 -z localhost ${RCT_METRO_PORT} ; then\n    if ! curl -s \"http://localhost:${RCT_METRO_PORT}/status\" | grep -q \"packager-status:running\" ; then\n      echo \"Port ${RCT_METRO_PORT} already in use, packager is either not running or not running correctly\"\n      exit 2\n    fi\n  else\n    open \"$SRCROOT/../node_modules/react-native/scripts/launchPackager.command\" || echo \"Can't start packager automatically\"\n  fi\nfi\n";
			showEnvVarsInLog = 0;
		};
		90AE145A29B5F94400E90931 /* Bundle React Native code and images */ = {
			isa = PBXShellScriptBuildPhase;
			buildActionMask = 2147483647;
			files = (
			);
			inputPaths = (
				"$(SRCROOT)/.xcode.env.local",
				"$(SRCROOT)/.xcode.env",
			);
			name = "Bundle React Native code and images";
			outputPaths = (
			);
			runOnlyForDeploymentPostprocessing = 0;
			shellPath = /bin/sh;
			shellScript = "set -e\n\nWITH_ENVIRONMENT=\"../node_modules/react-native/scripts/xcode/with-environment.sh\"\nREACT_NATIVE_XCODE=\"../node_modules/react-native/scripts/react-native-xcode.sh\"\n\n/bin/sh -c \"$WITH_ENVIRONMENT $REACT_NATIVE_XCODE\"\n";
		};
		90AE145B29B5F94400E90931 /* [CP] Embed Pods Frameworks */ = {
			isa = PBXShellScriptBuildPhase;
			buildActionMask = 2147483647;
			files = (
			);
			inputFileListPaths = (
				"${PODS_ROOT}/Target Support Files/Pods-sportfinderCommonPods-sportfinderDev/Pods-sportfinderCommonPods-sportfinderDev-frameworks-${CONFIGURATION}-input-files.xcfilelist",
			);
			name = "[CP] Embed Pods Frameworks";
			outputFileListPaths = (
				"${PODS_ROOT}/Target Support Files/Pods-sportfinderCommonPods-sportfinderDev/Pods-sportfinderCommonPods-sportfinderDev-frameworks-${CONFIGURATION}-output-files.xcfilelist",
			);
			runOnlyForDeploymentPostprocessing = 0;
			shellPath = /bin/sh;
			shellScript = "\"${PODS_ROOT}/Target Support Files/Pods-sportfinderCommonPods-sportfinderDev/Pods-sportfinderCommonPods-sportfinderDev-frameworks.sh\"\n";
			showEnvVarsInLog = 0;
		};
		90AE145C29B5F94400E90931 /* [CP] Copy Pods Resources */ = {
			isa = PBXShellScriptBuildPhase;
			buildActionMask = 2147483647;
			files = (
			);
			inputFileListPaths = (
				"${PODS_ROOT}/Target Support Files/Pods-sportfinderCommonPods-sportfinderDev/Pods-sportfinderCommonPods-sportfinderDev-resources-${CONFIGURATION}-input-files.xcfilelist",
			);
			name = "[CP] Copy Pods Resources";
			outputFileListPaths = (
				"${PODS_ROOT}/Target Support Files/Pods-sportfinderCommonPods-sportfinderDev/Pods-sportfinderCommonPods-sportfinderDev-resources-${CONFIGURATION}-output-files.xcfilelist",
			);
			runOnlyForDeploymentPostprocessing = 0;
			shellPath = /bin/sh;
			shellScript = "\"${PODS_ROOT}/Target Support Files/Pods-sportfinderCommonPods-sportfinderDev/Pods-sportfinderCommonPods-sportfinderDev-resources.sh\"\n";
			showEnvVarsInLog = 0;
		};
		90AE146329B5F95100E90931 /* [CP] Check Pods Manifest.lock */ = {
			isa = PBXShellScriptBuildPhase;
			buildActionMask = 2147483647;
			files = (
			);
			inputFileListPaths = (
			);
			inputPaths = (
				"${PODS_PODFILE_DIR_PATH}/Podfile.lock",
				"${PODS_ROOT}/Manifest.lock",
			);
			name = "[CP] Check Pods Manifest.lock";
			outputFileListPaths = (
			);
			outputPaths = (
				"$(DERIVED_FILE_DIR)/Pods-sportfinderCommonPods-sportfinderStg-checkManifestLockResult.txt",
			);
			runOnlyForDeploymentPostprocessing = 0;
			shellPath = /bin/sh;
			shellScript = "diff \"${PODS_PODFILE_DIR_PATH}/Podfile.lock\" \"${PODS_ROOT}/Manifest.lock\" > /dev/null\nif [ $? != 0 ] ; then\n    # print error to STDERR\n    echo \"error: The sandbox is not in sync with the Podfile.lock. Run 'pod install' or update your CocoaPods installation.\" >&2\n    exit 1\nfi\n# This output is used by Xcode 'outputs' to avoid re-running this script phase.\necho \"SUCCESS\" > \"${SCRIPT_OUTPUT_FILE_0}\"\n";
			showEnvVarsInLog = 0;
		};
		90AE146429B5F95100E90931 /* Start Packager */ = {
			isa = PBXShellScriptBuildPhase;
			buildActionMask = 2147483647;
			files = (
			);
			inputFileListPaths = (
			);
			inputPaths = (
			);
			name = "Start Packager";
			outputFileListPaths = (
			);
			outputPaths = (
			);
			runOnlyForDeploymentPostprocessing = 0;
			shellPath = /bin/sh;
			shellScript = "export RCT_METRO_PORT=\"${RCT_METRO_PORT:=8081}\"\necho \"export RCT_METRO_PORT=${RCT_METRO_PORT}\" > \"${SRCROOT}/../node_modules/react-native/scripts/.packager.env\"\nif [ -z \"${RCT_NO_LAUNCH_PACKAGER+xxx}\" ] ; then\n  if nc -w 5 -z localhost ${RCT_METRO_PORT} ; then\n    if ! curl -s \"http://localhost:${RCT_METRO_PORT}/status\" | grep -q \"packager-status:running\" ; then\n      echo \"Port ${RCT_METRO_PORT} already in use, packager is either not running or not running correctly\"\n      exit 2\n    fi\n  else\n    open \"$SRCROOT/../node_modules/react-native/scripts/launchPackager.command\" || echo \"Can't start packager automatically\"\n  fi\nfi\n";
			showEnvVarsInLog = 0;
		};
		90AE146D29B5F95100E90931 /* Bundle React Native code and images */ = {
			isa = PBXShellScriptBuildPhase;
			buildActionMask = 2147483647;
			files = (
			);
			inputPaths = (
				"$(SRCROOT)/.xcode.env.local",
				"$(SRCROOT)/.xcode.env",
			);
			name = "Bundle React Native code and images";
			outputPaths = (
			);
			runOnlyForDeploymentPostprocessing = 0;
			shellPath = /bin/sh;
			shellScript = "set -e\n\nWITH_ENVIRONMENT=\"../node_modules/react-native/scripts/xcode/with-environment.sh\"\nREACT_NATIVE_XCODE=\"../node_modules/react-native/scripts/react-native-xcode.sh\"\n\n/bin/sh -c \"$WITH_ENVIRONMENT $REACT_NATIVE_XCODE\"\n";
		};
		90AE146E29B5F95100E90931 /* [CP] Embed Pods Frameworks */ = {
			isa = PBXShellScriptBuildPhase;
			buildActionMask = 2147483647;
			files = (
			);
			inputFileListPaths = (
				"${PODS_ROOT}/Target Support Files/Pods-sportfinderCommonPods-sportfinderStg/Pods-sportfinderCommonPods-sportfinderStg-frameworks-${CONFIGURATION}-input-files.xcfilelist",
			);
			name = "[CP] Embed Pods Frameworks";
			outputFileListPaths = (
				"${PODS_ROOT}/Target Support Files/Pods-sportfinderCommonPods-sportfinderStg/Pods-sportfinderCommonPods-sportfinderStg-frameworks-${CONFIGURATION}-output-files.xcfilelist",
			);
			runOnlyForDeploymentPostprocessing = 0;
			shellPath = /bin/sh;
			shellScript = "\"${PODS_ROOT}/Target Support Files/Pods-sportfinderCommonPods-sportfinderStg/Pods-sportfinderCommonPods-sportfinderStg-frameworks.sh\"\n";
			showEnvVarsInLog = 0;
		};
		90AE146F29B5F95100E90931 /* [CP] Copy Pods Resources */ = {
			isa = PBXShellScriptBuildPhase;
			buildActionMask = 2147483647;
			files = (
			);
			inputFileListPaths = (
				"${PODS_ROOT}/Target Support Files/Pods-sportfinderCommonPods-sportfinderStg/Pods-sportfinderCommonPods-sportfinderStg-resources-${CONFIGURATION}-input-files.xcfilelist",
			);
			name = "[CP] Copy Pods Resources";
			outputFileListPaths = (
				"${PODS_ROOT}/Target Support Files/Pods-sportfinderCommonPods-sportfinderStg/Pods-sportfinderCommonPods-sportfinderStg-resources-${CONFIGURATION}-output-files.xcfilelist",
			);
			runOnlyForDeploymentPostprocessing = 0;
			shellPath = /bin/sh;
			shellScript = "\"${PODS_ROOT}/Target Support Files/Pods-sportfinderCommonPods-sportfinderStg/Pods-sportfinderCommonPods-sportfinderStg-resources.sh\"\n";
			showEnvVarsInLog = 0;
		};
		A55EABD7B0C7F3A422A6CC61 /* [CP] Check Pods Manifest.lock */ = {
			isa = PBXShellScriptBuildPhase;
			buildActionMask = 2147483647;
			files = (
			);
			inputFileListPaths = (
			);
			inputPaths = (
				"${PODS_PODFILE_DIR_PATH}/Podfile.lock",
				"${PODS_ROOT}/Manifest.lock",
			);
			name = "[CP] Check Pods Manifest.lock";
			outputFileListPaths = (
			);
			outputPaths = (
				"$(DERIVED_FILE_DIR)/Pods-sportfinderCommonPods-sportfinderTests-checkManifestLockResult.txt",
			);
			runOnlyForDeploymentPostprocessing = 0;
			shellPath = /bin/sh;
			shellScript = "diff \"${PODS_PODFILE_DIR_PATH}/Podfile.lock\" \"${PODS_ROOT}/Manifest.lock\" > /dev/null\nif [ $? != 0 ] ; then\n    # print error to STDERR\n    echo \"error: The sandbox is not in sync with the Podfile.lock. Run 'pod install' or update your CocoaPods installation.\" >&2\n    exit 1\nfi\n# This output is used by Xcode 'outputs' to avoid re-running this script phase.\necho \"SUCCESS\" > \"${SCRIPT_OUTPUT_FILE_0}\"\n";
			showEnvVarsInLog = 0;
		};
		C38B50BA6285516D6DCD4F65 /* [CP] Check Pods Manifest.lock */ = {
			isa = PBXShellScriptBuildPhase;
			buildActionMask = 2147483647;
			files = (
			);
			inputFileListPaths = (
			);
			inputPaths = (
				"${PODS_PODFILE_DIR_PATH}/Podfile.lock",
				"${PODS_ROOT}/Manifest.lock",
			);
			name = "[CP] Check Pods Manifest.lock";
			outputFileListPaths = (
			);
			outputPaths = (
				"$(DERIVED_FILE_DIR)/Pods-sportfinderCommonPods-sportfinder-checkManifestLockResult.txt",
			);
			runOnlyForDeploymentPostprocessing = 0;
			shellPath = /bin/sh;
			shellScript = "diff \"${PODS_PODFILE_DIR_PATH}/Podfile.lock\" \"${PODS_ROOT}/Manifest.lock\" > /dev/null\nif [ $? != 0 ] ; then\n    # print error to STDERR\n    echo \"error: The sandbox is not in sync with the Podfile.lock. Run 'pod install' or update your CocoaPods installation.\" >&2\n    exit 1\nfi\n# This output is used by Xcode 'outputs' to avoid re-running this script phase.\necho \"SUCCESS\" > \"${SCRIPT_OUTPUT_FILE_0}\"\n";
			showEnvVarsInLog = 0;
		};
		C59DA0FBD6956966B86A3779 /* [CP] Embed Pods Frameworks */ = {
			isa = PBXShellScriptBuildPhase;
			buildActionMask = 2147483647;
			files = (
			);
			inputFileListPaths = (
				"${PODS_ROOT}/Target Support Files/Pods-sportfinderCommonPods-sportfinderTests/Pods-sportfinderCommonPods-sportfinderTests-frameworks-${CONFIGURATION}-input-files.xcfilelist",
			);
			name = "[CP] Embed Pods Frameworks";
			outputFileListPaths = (
				"${PODS_ROOT}/Target Support Files/Pods-sportfinderCommonPods-sportfinderTests/Pods-sportfinderCommonPods-sportfinderTests-frameworks-${CONFIGURATION}-output-files.xcfilelist",
			);
			runOnlyForDeploymentPostprocessing = 0;
			shellPath = /bin/sh;
			shellScript = "\"${PODS_ROOT}/Target Support Files/Pods-sportfinderCommonPods-sportfinderTests/Pods-sportfinderCommonPods-sportfinderTests-frameworks.sh\"\n";
			showEnvVarsInLog = 0;
		};
		E235C05ADACE081382539298 /* [CP] Copy Pods Resources */ = {
			isa = PBXShellScriptBuildPhase;
			buildActionMask = 2147483647;
			files = (
			);
			inputFileListPaths = (
				"${PODS_ROOT}/Target Support Files/Pods-sportfinderCommonPods-sportfinder/Pods-sportfinderCommonPods-sportfinder-resources-${CONFIGURATION}-input-files.xcfilelist",
			);
			name = "[CP] Copy Pods Resources";
			outputFileListPaths = (
				"${PODS_ROOT}/Target Support Files/Pods-sportfinderCommonPods-sportfinder/Pods-sportfinderCommonPods-sportfinder-resources-${CONFIGURATION}-output-files.xcfilelist",
			);
			runOnlyForDeploymentPostprocessing = 0;
			shellPath = /bin/sh;
			shellScript = "\"${PODS_ROOT}/Target Support Files/Pods-sportfinderCommonPods-sportfinder/Pods-sportfinderCommonPods-sportfinder-resources.sh\"\n";
			showEnvVarsInLog = 0;
		};
		F6A41C54EA430FDDC6A6ED99 /* [CP] Copy Pods Resources */ = {
			isa = PBXShellScriptBuildPhase;
			buildActionMask = 2147483647;
			files = (
			);
			inputFileListPaths = (
				"${PODS_ROOT}/Target Support Files/Pods-sportfinderCommonPods-sportfinderTests/Pods-sportfinderCommonPods-sportfinderTests-resources-${CONFIGURATION}-input-files.xcfilelist",
			);
			name = "[CP] Copy Pods Resources";
			outputFileListPaths = (
				"${PODS_ROOT}/Target Support Files/Pods-sportfinderCommonPods-sportfinderTests/Pods-sportfinderCommonPods-sportfinderTests-resources-${CONFIGURATION}-output-files.xcfilelist",
			);
			runOnlyForDeploymentPostprocessing = 0;
			shellPath = /bin/sh;
			shellScript = "\"${PODS_ROOT}/Target Support Files/Pods-sportfinderCommonPods-sportfinderTests/Pods-sportfinderCommonPods-sportfinderTests-resources.sh\"\n";
			showEnvVarsInLog = 0;
		};
		FD10A7F022414F080027D42C /* Start Packager */ = {
			isa = PBXShellScriptBuildPhase;
			buildActionMask = 2147483647;
			files = (
			);
			inputFileListPaths = (
			);
			inputPaths = (
			);
			name = "Start Packager";
			outputFileListPaths = (
			);
			outputPaths = (
			);
			runOnlyForDeploymentPostprocessing = 0;
			shellPath = /bin/sh;
			shellScript = "export RCT_METRO_PORT=\"${RCT_METRO_PORT:=8081}\"\necho \"export RCT_METRO_PORT=${RCT_METRO_PORT}\" > \"${SRCROOT}/../node_modules/react-native/scripts/.packager.env\"\nif [ -z \"${RCT_NO_LAUNCH_PACKAGER+xxx}\" ] ; then\n  if nc -w 5 -z localhost ${RCT_METRO_PORT} ; then\n    if ! curl -s \"http://localhost:${RCT_METRO_PORT}/status\" | grep -q \"packager-status:running\" ; then\n      echo \"Port ${RCT_METRO_PORT} already in use, packager is either not running or not running correctly\"\n      exit 2\n    fi\n  else\n    open \"$SRCROOT/../node_modules/react-native/scripts/launchPackager.command\" || echo \"Can't start packager automatically\"\n  fi\nfi\n";
			showEnvVarsInLog = 0;
		};
/* End PBXShellScriptBuildPhase section */

/* Begin PBXSourcesBuildPhase section */
		00E356EA1AD99517003FC87E /* Sources */ = {
			isa = PBXSourcesBuildPhase;
			buildActionMask = 2147483647;
			files = (
				00E356F31AD99517003FC87E /* sportfinderTests.m in Sources */,
			);
			runOnlyForDeploymentPostprocessing = 0;
		};
		13B07F871A680F5B00A75B9A /* Sources */ = {
			isa = PBXSourcesBuildPhase;
			buildActionMask = 2147483647;
			files = (
				13B07FBC1A68108700A75B9A /* AppDelegate.mm in Sources */,
				13B07FC11A68108700A75B9A /* main.m in Sources */,
			);
			runOnlyForDeploymentPostprocessing = 0;
		};
		90AE145229B5F94400E90931 /* Sources */ = {
			isa = PBXSourcesBuildPhase;
			buildActionMask = 2147483647;
			files = (
				90AE145329B5F94400E90931 /* AppDelegate.mm in Sources */,
				90AE145429B5F94400E90931 /* main.m in Sources */,
			);
			runOnlyForDeploymentPostprocessing = 0;
		};
		90AE146529B5F95100E90931 /* Sources */ = {
			isa = PBXSourcesBuildPhase;
			buildActionMask = 2147483647;
			files = (
				90AE146629B5F95100E90931 /* AppDelegate.mm in Sources */,
				90AE146729B5F95100E90931 /* main.m in Sources */,
			);
			runOnlyForDeploymentPostprocessing = 0;
		};
/* End PBXSourcesBuildPhase section */

/* Begin PBXTargetDependency section */
		00E356F51AD99517003FC87E /* PBXTargetDependency */ = {
			isa = PBXTargetDependency;
			target = 13B07F861A680F5B00A75B9A /* sportfinder */;
			targetProxy = 00E356F41AD99517003FC87E /* PBXContainerItemProxy */;
		};
/* End PBXTargetDependency section */

/* Begin XCBuildConfiguration section */
		00E356F61AD99517003FC87E /* Debug */ = {
			isa = XCBuildConfiguration;
			baseConfigurationReference = A2A549185564FB80B5092691 /* Pods-sportfinderCommonPods-sportfinderTests.debug.xcconfig */;
			buildSettings = {
				BUNDLE_LOADER = "$(TEST_HOST)";
				GCC_PREPROCESSOR_DEFINITIONS = (
					"DEBUG=1",
					"$(inherited)",
				);
				INFOPLIST_FILE = sportfinderTests/Info.plist;
				IPHONEOS_DEPLOYMENT_TARGET = 12.4;
				LD_RUNPATH_SEARCH_PATHS = (
					"$(inherited)",
					"@executable_path/Frameworks",
					"@loader_path/Frameworks",
				);
				OTHER_LDFLAGS = (
					"-ObjC",
					"-lc++",
					"$(inherited)",
				);
				PRODUCT_BUNDLE_IDENTIFIER = "org.reactjs.native.example.$(PRODUCT_NAME:rfc1034identifier)";
				PRODUCT_NAME = "$(TARGET_NAME)";
				TEST_HOST = "$(BUILT_PRODUCTS_DIR)/sportfinder.app/sportfinder";
			};
			name = Debug;
		};
		00E356F71AD99517003FC87E /* Release */ = {
			isa = XCBuildConfiguration;
			baseConfigurationReference = 10FD5BC0FA25950CA29603D7 /* Pods-sportfinderCommonPods-sportfinderTests.release.xcconfig */;
			buildSettings = {
				BUNDLE_LOADER = "$(TEST_HOST)";
				COPY_PHASE_STRIP = NO;
				INFOPLIST_FILE = sportfinderTests/Info.plist;
				IPHONEOS_DEPLOYMENT_TARGET = 12.4;
				LD_RUNPATH_SEARCH_PATHS = (
					"$(inherited)",
					"@executable_path/Frameworks",
					"@loader_path/Frameworks",
				);
				OTHER_LDFLAGS = (
					"-ObjC",
					"-lc++",
					"$(inherited)",
				);
				PRODUCT_BUNDLE_IDENTIFIER = "org.reactjs.native.example.$(PRODUCT_NAME:rfc1034identifier)";
				PRODUCT_NAME = "$(TARGET_NAME)";
				TEST_HOST = "$(BUILT_PRODUCTS_DIR)/sportfinder.app/sportfinder";
			};
			name = Release;
		};
		13B07F941A680F5B00A75B9A /* Debug */ = {
			isa = XCBuildConfiguration;
			baseConfigurationReference = FB61F4FEE6156543CC2AFE67 /* Pods-sportfinderCommonPods-sportfinder.debug.xcconfig */;
			buildSettings = {
				ASSETCATALOG_COMPILER_APPICON_NAME = AppIcon;
				CLANG_ENABLE_MODULES = YES;
				CURRENT_PROJECT_VERSION = 1;
				DEVELOPMENT_TEAM = S29FTA92S2;
				ENABLE_BITCODE = NO;
				INFOPLIST_FILE = sportfinder/Info.plist;
				INFOPLIST_KEY_CFBundleDisplayName = SportFinder;
				INFOPLIST_KEY_LSApplicationCategoryType = "public.app-category.sports";
				LD_RUNPATH_SEARCH_PATHS = (
					"$(inherited)",
					"@executable_path/Frameworks",
				);
				MARKETING_VERSION = 1.0;
				OTHER_LDFLAGS = (
					"$(inherited)",
					"-ObjC",
					"-lc++",
				);
				PRODUCT_BUNDLE_IDENTIFIER = "org.reactjs.native.example.$(PRODUCT_NAME:rfc1034identifier)";
				PRODUCT_NAME = sportfinder;
				SWIFT_OPTIMIZATION_LEVEL = "-Onone";
				SWIFT_VERSION = 5.0;
				VERSIONING_SYSTEM = "apple-generic";
			};
			name = Debug;
		};
		13B07F951A680F5B00A75B9A /* Release */ = {
			isa = XCBuildConfiguration;
			baseConfigurationReference = A30F33FFBBDBA70C78F57FCC /* Pods-sportfinderCommonPods-sportfinder.release.xcconfig */;
			buildSettings = {
				ASSETCATALOG_COMPILER_APPICON_NAME = AppIcon;
				CLANG_ENABLE_MODULES = YES;
				CURRENT_PROJECT_VERSION = 1;
				DEVELOPMENT_TEAM = S29FTA92S2;
				INFOPLIST_FILE = sportfinder/Info.plist;
				INFOPLIST_KEY_CFBundleDisplayName = SportFinder;
				INFOPLIST_KEY_LSApplicationCategoryType = "public.app-category.sports";
				LD_RUNPATH_SEARCH_PATHS = (
					"$(inherited)",
					"@executable_path/Frameworks",
				);
				MARKETING_VERSION = 1.0;
				OTHER_LDFLAGS = (
					"$(inherited)",
					"-ObjC",
					"-lc++",
				);
				PRODUCT_BUNDLE_IDENTIFIER = "org.reactjs.native.example.$(PRODUCT_NAME:rfc1034identifier)";
				PRODUCT_NAME = sportfinder;
				SWIFT_VERSION = 5.0;
				VERSIONING_SYSTEM = "apple-generic";
			};
			name = Release;
		};
		83CBBA201A601CBA00E9B192 /* Debug */ = {
			isa = XCBuildConfiguration;
			buildSettings = {
				ALWAYS_SEARCH_USER_PATHS = NO;
				CLANG_ANALYZER_LOCALIZABILITY_NONLOCALIZED = YES;
				CLANG_CXX_LANGUAGE_STANDARD = "c++17";
				CLANG_CXX_LIBRARY = "libc++";
				CLANG_ENABLE_MODULES = YES;
				CLANG_ENABLE_OBJC_ARC = YES;
				CLANG_WARN_BLOCK_CAPTURE_AUTORELEASING = YES;
				CLANG_WARN_BOOL_CONVERSION = YES;
				CLANG_WARN_COMMA = YES;
				CLANG_WARN_CONSTANT_CONVERSION = YES;
				CLANG_WARN_DEPRECATED_OBJC_IMPLEMENTATIONS = YES;
				CLANG_WARN_DIRECT_OBJC_ISA_USAGE = YES_ERROR;
				CLANG_WARN_EMPTY_BODY = YES;
				CLANG_WARN_ENUM_CONVERSION = YES;
				CLANG_WARN_INFINITE_RECURSION = YES;
				CLANG_WARN_INT_CONVERSION = YES;
				CLANG_WARN_NON_LITERAL_NULL_CONVERSION = YES;
				CLANG_WARN_OBJC_IMPLICIT_RETAIN_SELF = YES;
				CLANG_WARN_OBJC_LITERAL_CONVERSION = YES;
				CLANG_WARN_OBJC_ROOT_CLASS = YES_ERROR;
				CLANG_WARN_QUOTED_INCLUDE_IN_FRAMEWORK_HEADER = YES;
				CLANG_WARN_RANGE_LOOP_ANALYSIS = YES;
				CLANG_WARN_STRICT_PROTOTYPES = YES;
				CLANG_WARN_SUSPICIOUS_MOVE = YES;
				CLANG_WARN_UNREACHABLE_CODE = YES;
				CLANG_WARN__DUPLICATE_METHOD_MATCH = YES;
				"CODE_SIGN_IDENTITY[sdk=iphoneos*]" = "iPhone Developer";
				COPY_PHASE_STRIP = NO;
				ENABLE_STRICT_OBJC_MSGSEND = YES;
				ENABLE_TESTABILITY = YES;
				"EXCLUDED_ARCHS[sdk=iphonesimulator*]" = i386;
				GCC_C_LANGUAGE_STANDARD = gnu99;
				GCC_DYNAMIC_NO_PIC = NO;
				GCC_NO_COMMON_BLOCKS = YES;
				GCC_OPTIMIZATION_LEVEL = 0;
				GCC_PREPROCESSOR_DEFINITIONS = (
					"DEBUG=1",
					"$(inherited)",
				);
				GCC_SYMBOLS_PRIVATE_EXTERN = NO;
				GCC_WARN_64_TO_32_BIT_CONVERSION = YES;
				GCC_WARN_ABOUT_RETURN_TYPE = YES_ERROR;
				GCC_WARN_UNDECLARED_SELECTOR = YES;
				GCC_WARN_UNINITIALIZED_AUTOS = YES_AGGRESSIVE;
				GCC_WARN_UNUSED_FUNCTION = YES;
				GCC_WARN_UNUSED_VARIABLE = YES;
				IPHONEOS_DEPLOYMENT_TARGET = 12.4;
				LD_RUNPATH_SEARCH_PATHS = (
					/usr/lib/swift,
					"$(inherited)",
				);
				LIBRARY_SEARCH_PATHS = (
					"\"$(SDKROOT)/usr/lib/swift\"",
					"\"$(TOOLCHAIN_DIR)/usr/lib/swift/$(PLATFORM_NAME)\"",
					"\"$(inherited)\"",
				);
				MTL_ENABLE_DEBUG_INFO = YES;
				ONLY_ACTIVE_ARCH = YES;
				OTHER_CPLUSPLUSFLAGS = (
					"$(OTHER_CFLAGS)",
					"-DFOLLY_NO_CONFIG",
					"-DFOLLY_MOBILE=1",
					"-DFOLLY_USE_LIBCPP=1",
				);
				REACT_NATIVE_PATH = "${PODS_ROOT}/../../node_modules/react-native";
				SDKROOT = iphoneos;
			};
			name = Debug;
		};
		83CBBA211A601CBA00E9B192 /* Release */ = {
			isa = XCBuildConfiguration;
			buildSettings = {
				ALWAYS_SEARCH_USER_PATHS = NO;
				CLANG_ANALYZER_LOCALIZABILITY_NONLOCALIZED = YES;
				CLANG_CXX_LANGUAGE_STANDARD = "c++17";
				CLANG_CXX_LIBRARY = "libc++";
				CLANG_ENABLE_MODULES = YES;
				CLANG_ENABLE_OBJC_ARC = YES;
				CLANG_WARN_BLOCK_CAPTURE_AUTORELEASING = YES;
				CLANG_WARN_BOOL_CONVERSION = YES;
				CLANG_WARN_COMMA = YES;
				CLANG_WARN_CONSTANT_CONVERSION = YES;
				CLANG_WARN_DEPRECATED_OBJC_IMPLEMENTATIONS = YES;
				CLANG_WARN_DIRECT_OBJC_ISA_USAGE = YES_ERROR;
				CLANG_WARN_EMPTY_BODY = YES;
				CLANG_WARN_ENUM_CONVERSION = YES;
				CLANG_WARN_INFINITE_RECURSION = YES;
				CLANG_WARN_INT_CONVERSION = YES;
				CLANG_WARN_NON_LITERAL_NULL_CONVERSION = YES;
				CLANG_WARN_OBJC_IMPLICIT_RETAIN_SELF = YES;
				CLANG_WARN_OBJC_LITERAL_CONVERSION = YES;
				CLANG_WARN_OBJC_ROOT_CLASS = YES_ERROR;
				CLANG_WARN_QUOTED_INCLUDE_IN_FRAMEWORK_HEADER = YES;
				CLANG_WARN_RANGE_LOOP_ANALYSIS = YES;
				CLANG_WARN_STRICT_PROTOTYPES = YES;
				CLANG_WARN_SUSPICIOUS_MOVE = YES;
				CLANG_WARN_UNREACHABLE_CODE = YES;
				CLANG_WARN__DUPLICATE_METHOD_MATCH = YES;
				"CODE_SIGN_IDENTITY[sdk=iphoneos*]" = "iPhone Developer";
				COPY_PHASE_STRIP = YES;
				ENABLE_NS_ASSERTIONS = NO;
				ENABLE_STRICT_OBJC_MSGSEND = YES;
				"EXCLUDED_ARCHS[sdk=iphonesimulator*]" = i386;
				GCC_C_LANGUAGE_STANDARD = gnu99;
				GCC_NO_COMMON_BLOCKS = YES;
				GCC_WARN_64_TO_32_BIT_CONVERSION = YES;
				GCC_WARN_ABOUT_RETURN_TYPE = YES_ERROR;
				GCC_WARN_UNDECLARED_SELECTOR = YES;
				GCC_WARN_UNINITIALIZED_AUTOS = YES_AGGRESSIVE;
				GCC_WARN_UNUSED_FUNCTION = YES;
				GCC_WARN_UNUSED_VARIABLE = YES;
				IPHONEOS_DEPLOYMENT_TARGET = 12.4;
				LD_RUNPATH_SEARCH_PATHS = (
					/usr/lib/swift,
					"$(inherited)",
				);
				LIBRARY_SEARCH_PATHS = (
					"\"$(SDKROOT)/usr/lib/swift\"",
					"\"$(TOOLCHAIN_DIR)/usr/lib/swift/$(PLATFORM_NAME)\"",
					"\"$(inherited)\"",
				);
				MTL_ENABLE_DEBUG_INFO = NO;
				OTHER_CPLUSPLUSFLAGS = (
					"$(OTHER_CFLAGS)",
					"-DFOLLY_NO_CONFIG",
					"-DFOLLY_MOBILE=1",
					"-DFOLLY_USE_LIBCPP=1",
				);
				REACT_NATIVE_PATH = "${PODS_ROOT}/../../node_modules/react-native";
				SDKROOT = iphoneos;
				VALIDATE_PRODUCT = YES;
			};
			name = Release;
		};
		90AE145E29B5F94400E90931 /* Debug */ = {
			isa = XCBuildConfiguration;
			baseConfigurationReference = D0F7B2343F9553083707DE0B /* Pods-sportfinderCommonPods-sportfinderDev.debug.xcconfig */;
			buildSettings = {
				ASSETCATALOG_COMPILER_APPICON_NAME = AppIconDev;
				CLANG_ENABLE_MODULES = YES;
				CURRENT_PROJECT_VERSION = 1;
				ENABLE_BITCODE = NO;
				INFOPLIST_FILE = "sportfinder dev-Info.plist";
				INFOPLIST_KEY_CFBundleDisplayName = "SportFinder dev";
				INFOPLIST_KEY_LSApplicationCategoryType = "public.app-category.sports";
				LD_RUNPATH_SEARCH_PATHS = (
					"$(inherited)",
					"@executable_path/Frameworks",
				);
				MARKETING_VERSION = 1.0;
				OTHER_LDFLAGS = (
					"$(inherited)",
					"-ObjC",
					"-lc++",
				);
				PRODUCT_BUNDLE_IDENTIFIER = "org.reactjs.native.example.$(PRODUCT_NAME:rfc1034identifier)";
				PRODUCT_NAME = "$(TARGET_NAME)";
				SWIFT_OPTIMIZATION_LEVEL = "-Onone";
				SWIFT_VERSION = 5.0;
				VERSIONING_SYSTEM = "apple-generic";
			};
			name = Debug;
		};
		90AE145F29B5F94400E90931 /* Release */ = {
			isa = XCBuildConfiguration;
			baseConfigurationReference = 1500112AEFA243C4605E6F96 /* Pods-sportfinderCommonPods-sportfinderDev.release.xcconfig */;
			buildSettings = {
				ASSETCATALOG_COMPILER_APPICON_NAME = AppIconDev;
				CLANG_ENABLE_MODULES = YES;
				CURRENT_PROJECT_VERSION = 1;
				INFOPLIST_FILE = "sportfinder dev-Info.plist";
				INFOPLIST_KEY_CFBundleDisplayName = "SportFinder dev";
				INFOPLIST_KEY_LSApplicationCategoryType = "public.app-category.sports";
				LD_RUNPATH_SEARCH_PATHS = (
					"$(inherited)",
					"@executable_path/Frameworks",
				);
				MARKETING_VERSION = 1.0;
				OTHER_LDFLAGS = (
					"$(inherited)",
					"-ObjC",
					"-lc++",
				);
				PRODUCT_BUNDLE_IDENTIFIER = "org.reactjs.native.example.$(PRODUCT_NAME:rfc1034identifier)";
				PRODUCT_NAME = "$(TARGET_NAME)";
				SWIFT_VERSION = 5.0;
				VERSIONING_SYSTEM = "apple-generic";
			};
			name = Release;
		};
		90AE147129B5F95100E90931 /* Debug */ = {
			isa = XCBuildConfiguration;
			baseConfigurationReference = 800D373467BA8AE71D6C88F5 /* Pods-sportfinderCommonPods-sportfinderStg.debug.xcconfig */;
			buildSettings = {
				ASSETCATALOG_COMPILER_APPICON_NAME = AppIconStg;
				CLANG_ENABLE_MODULES = YES;
				CURRENT_PROJECT_VERSION = 1;
				ENABLE_BITCODE = NO;
				INFOPLIST_FILE = "sportfinder stg-Info.plist";
				INFOPLIST_KEY_CFBundleDisplayName = "SportFinder stg";
				INFOPLIST_KEY_LSApplicationCategoryType = "public.app-category.sports";
				LD_RUNPATH_SEARCH_PATHS = (
					"$(inherited)",
					"@executable_path/Frameworks",
				);
				MARKETING_VERSION = 1.0;
				OTHER_LDFLAGS = (
					"$(inherited)",
					"-ObjC",
					"-lc++",
				);
				PRODUCT_BUNDLE_IDENTIFIER = "org.reactjs.native.example.$(PRODUCT_NAME:rfc1034identifier)";
				PRODUCT_NAME = "$(TARGET_NAME)";
				SWIFT_OPTIMIZATION_LEVEL = "-Onone";
				SWIFT_VERSION = 5.0;
				VERSIONING_SYSTEM = "apple-generic";
			};
			name = Debug;
		};
		90AE147229B5F95100E90931 /* Release */ = {
			isa = XCBuildConfiguration;
			baseConfigurationReference = 78E1788186CAFF7779211EEF /* Pods-sportfinderCommonPods-sportfinderStg.release.xcconfig */;
			buildSettings = {
				ASSETCATALOG_COMPILER_APPICON_NAME = AppIconStg;
				CLANG_ENABLE_MODULES = YES;
				CURRENT_PROJECT_VERSION = 1;
				INFOPLIST_FILE = "sportfinder stg-Info.plist";
				INFOPLIST_KEY_CFBundleDisplayName = "SportFinder stg";
				INFOPLIST_KEY_LSApplicationCategoryType = "public.app-category.sports";
				LD_RUNPATH_SEARCH_PATHS = (
					"$(inherited)",
					"@executable_path/Frameworks",
				);
				MARKETING_VERSION = 1.0;
				OTHER_LDFLAGS = (
					"$(inherited)",
					"-ObjC",
					"-lc++",
				);
				PRODUCT_BUNDLE_IDENTIFIER = "org.reactjs.native.example.$(PRODUCT_NAME:rfc1034identifier)";
				PRODUCT_NAME = "$(TARGET_NAME)";
				SWIFT_VERSION = 5.0;
				VERSIONING_SYSTEM = "apple-generic";
			};
			name = Release;
		};
/* End XCBuildConfiguration section */

/* Begin XCConfigurationList section */
		00E357021AD99517003FC87E /* Build configuration list for PBXNativeTarget "sportfinderTests" */ = {
			isa = XCConfigurationList;
			buildConfigurations = (
				00E356F61AD99517003FC87E /* Debug */,
				00E356F71AD99517003FC87E /* Release */,
			);
			defaultConfigurationIsVisible = 0;
			defaultConfigurationName = Release;
		};
		13B07F931A680F5B00A75B9A /* Build configuration list for PBXNativeTarget "sportfinder" */ = {
			isa = XCConfigurationList;
			buildConfigurations = (
				13B07F941A680F5B00A75B9A /* Debug */,
				13B07F951A680F5B00A75B9A /* Release */,
			);
			defaultConfigurationIsVisible = 0;
			defaultConfigurationName = Release;
		};
		83CBB9FA1A601CBA00E9B192 /* Build configuration list for PBXProject "sportfinder" */ = {
			isa = XCConfigurationList;
			buildConfigurations = (
				83CBBA201A601CBA00E9B192 /* Debug */,
				83CBBA211A601CBA00E9B192 /* Release */,
			);
			defaultConfigurationIsVisible = 0;
			defaultConfigurationName = Release;
		};
		90AE145D29B5F94400E90931 /* Build configuration list for PBXNativeTarget "sportfinderDev" */ = {
			isa = XCConfigurationList;
			buildConfigurations = (
				90AE145E29B5F94400E90931 /* Debug */,
				90AE145F29B5F94400E90931 /* Release */,
			);
			defaultConfigurationIsVisible = 0;
			defaultConfigurationName = Release;
		};
		90AE147029B5F95100E90931 /* Build configuration list for PBXNativeTarget "sportfinderStg" */ = {
			isa = XCConfigurationList;
			buildConfigurations = (
				90AE147129B5F95100E90931 /* Debug */,
				90AE147229B5F95100E90931 /* Release */,
			);
			defaultConfigurationIsVisible = 0;
			defaultConfigurationName = Release;
		};
/* End XCConfigurationList section */
	};
	rootObject = 83CBB9F71A601CBA00E9B192 /* Project object */;
}
